
Microsoft Visual Studio Solution File, Format Version 12.00
# Visual Studio Version 17
VisualStudioVersion = 17.1.32319.34
MinimumVisualStudioVersion = 10.0.40219.1
Project("{9A19103F-16F7-4668-BE54-9A1E7A4F7556}") = "LobsterAdventure.Api", "LobsterAdventure.Api.csproj", "{54A4298E-7524-4213-B227-083E7403C158}"
EndProject
Project("{9A19103F-16F7-4668-BE54-9A1E7A4F7556}") = "LobsterAdventure.Caching", "..\LobsterAdventure.Caching\LobsterAdventure.Caching.csproj", "{3FF234AE-2A4F-4300-B56B-C2630F1CA345}"
EndProject
Project("{9A19103F-16F7-4668-BE54-9A1E7A4F7556}") = "LobsterAdventure.Core", "..\LobsterAdventure.Core\LobsterAdventure.Core.csproj", "{A535B220-47ED-412C-B963-2EB46BA7C1BB}"
EndProject
Project("{2150E333-8FDC-42A3-9474-1A3956D46DE8}") = "tests", "tests", "{97C1C066-FF90-4014-A71D-8D6B4FA5336C}"
EndProject
Project("{FAE04EC0-301F-11D3-BF4B-00C04F79EFBC}") = "LobsterAdventure.Api.Tests", "..\..\tests\LobsterAdventure.Api.Tests\LobsterAdventure.Api.Tests.csproj", "{197C7AA3-B394-493B-BA3E-70D274BBA16F}"
EndProject
Project("{FAE04EC0-301F-11D3-BF4B-00C04F79EFBC}") = "LobsterAdventure.Caching.Tests", "..\..\tests\LobsterAdventure.Caching.Tests\LobsterAdventure.Caching.Tests.csproj", "{DBB5587F-4400-4E02-9B50-1E5CB951E8D2}"
EndProject
Project("{2150E333-8FDC-42A3-9474-1A3956D46DE8}") = "src", "src", "{9ACB827C-767C-45D1-89AE-72754F5A52FB}"
EndProject
Project("{2150E333-8FDC-42A3-9474-1A3956D46DE8}") = "deployment", "deployment", "{B6CFE635-784A-428A-AACB-48DBA0E40503}"
EndProject
Global
	GlobalSection(SolutionConfigurationPlatforms) = preSolution
		Debug|Any CPU = Debug|Any CPU
		Release|Any CPU = Release|Any CPU
	EndGlobalSection
	GlobalSection(ProjectConfigurationPlatforms) = postSolution
		{54A4298E-7524-4213-B227-083E7403C158}.Debug|Any CPU.ActiveCfg = Debug|Any CPU
		{54A4298E-7524-4213-B227-083E7403C158}.Debug|Any CPU.Build.0 = Debug|Any CPU
		{54A4298E-7524-4213-B227-083E7403C158}.Release|Any CPU.ActiveCfg = Release|Any CPU
		{54A4298E-7524-4213-B227-083E7403C158}.Release|Any CPU.Build.0 = Release|Any CPU
		{3FF234AE-2A4F-4300-B56B-C2630F1CA345}.Debug|Any CPU.ActiveCfg = Debug|Any CPU
		{3FF234AE-2A4F-4300-B56B-C2630F1CA345}.Debug|Any CPU.Build.0 = Debug|Any CPU
		{3FF234AE-2A4F-4300-B56B-C2630F1CA345}.Release|Any CPU.ActiveCfg = Release|Any CPU
		{3FF234AE-2A4F-4300-B56B-C2630F1CA345}.Release|Any CPU.Build.0 = Release|Any CPU
		{A535B220-47ED-412C-B963-2EB46BA7C1BB}.Debug|Any CPU.ActiveCfg = Debug|Any CPU
		{A535B220-47ED-412C-B963-2EB46BA7C1BB}.Debug|Any CPU.Build.0 = Debug|Any CPU
		{A535B220-47ED-412C-B963-2EB46BA7C1BB}.Release|Any CPU.ActiveCfg = Release|Any CPU
		{A535B220-47ED-412C-B963-2EB46BA7C1BB}.Release|Any CPU.Build.0 = Release|Any CPU
		{197C7AA3-B394-493B-BA3E-70D274BBA16F}.Debug|Any CPU.ActiveCfg = Debug|Any CPU
		{197C7AA3-B394-493B-BA3E-70D274BBA16F}.Debug|Any CPU.Build.0 = Debug|Any CPU
		{197C7AA3-B394-493B-BA3E-70D274BBA16F}.Release|Any CPU.ActiveCfg = Release|Any CPU
		{197C7AA3-B394-493B-BA3E-70D274BBA16F}.Release|Any CPU.Build.0 = Release|Any CPU
		{DBB5587F-4400-4E02-9B50-1E5CB951E8D2}.Debug|Any CPU.ActiveCfg = Debug|Any CPU
		{DBB5587F-4400-4E02-9B50-1E5CB951E8D2}.Debug|Any CPU.Build.0 = Debug|Any CPU
		{DBB5587F-4400-4E02-9B50-1E5CB951E8D2}.Release|Any CPU.ActiveCfg = Release|Any CPU
		{DBB5587F-4400-4E02-9B50-1E5CB951E8D2}.Release|Any CPU.Build.0 = Release|Any CPU
	EndGlobalSection
	GlobalSection(SolutionProperties) = preSolution
		HideSolutionNode = FALSE
	EndGlobalSection
	GlobalSection(NestedProjects) = preSolution
		{54A4298E-7524-4213-B227-083E7403C158} = {9ACB827C-767C-45D1-89AE-72754F5A52FB}
		{3FF234AE-2A4F-4300-B56B-C2630F1CA345} = {9ACB827C-767C-45D1-89AE-72754F5A52FB}
		{A535B220-47ED-412C-B963-2EB46BA7C1BB} = {9ACB827C-767C-45D1-89AE-72754F5A52FB}
		{197C7AA3-B394-493B-BA3E-70D274BBA16F} = {97C1C066-FF90-4014-A71D-8D6B4FA5336C}
		{DBB5587F-4400-4E02-9B50-1E5CB951E8D2} = {97C1C066-FF90-4014-A71D-8D6B4FA5336C}
	EndGlobalSection
	GlobalSection(ExtensibilityGlobals) = postSolution
		SolutionGuid = {8D6C3861-D5F6-4DC4-A4CE-34336D6E9735}
	EndGlobalSection
EndGlobal
